
Microsoft Visual Studio Solution File, Format Version 12.00
# Visual Studio Version 17
VisualStudioVersion = 17.4.33205.214
MinimumVisualStudioVersion = 10.0.40219.1
Project("{9A19103F-16F7-4668-BE54-9A1E7A4F7556}") = "BlazingPizza", "BlazingPizza.csproj", "{565ADC8E-0765-44BD-9EEB-8555B190CF5A}"
EndProject
Global
	GlobalSection(SolutionConfigurationPlatforms) = preSolution
		Debug|Any CPU = Debug|Any CPU
		Release|Any CPU = Release|Any CPU
	EndGlobalSection
	GlobalSection(ProjectConfigurationPlatforms) = postSolution
		{565ADC8E-0765-44BD-9EEB-8555B190CF5A}.Debug|Any CPU.ActiveCfg = Debug|Any CPU
		{565ADC8E-0765-44BD-9EEB-8555B190CF5A}.Debug|Any CPU.Build.0 = Debug|Any CPU
		{565ADC8E-0765-44BD-9EEB-8555B190CF5A}.Release|Any CPU.ActiveCfg = Release|Any CPU
		{565ADC8E-0765-44BD-9EEB-8555B190CF5A}.Release|Any CPU.Build.0 = Release|Any CPU
	EndGlobalSection
	GlobalSection(SolutionProperties) = preSolution
		HideSolutionNode = FALSE
	EndGlobalSection
	GlobalSection(ExtensibilityGlobals) = postSolution
		SolutionGuid = {05EEDE8D-4C20-44DB-84B0-2EFA91042825}
	EndGlobalSection
EndGlobal
